// !$*UTF8*$!
{
	archiveVersion = 1;
	classes = {
	};
	objectVersion = 56;
	objects = {

/* Begin PBXBuildFile section */
		BEF6E0762C33E4D100FA435D /* AppDelegate.swift in Sources */ = {isa = PBXBuildFile; fileRef = BEF6E0752C33E4D100FA435D /* AppDelegate.swift */; };
		BEF6E0782C33E4D100FA435D /* SceneDelegate.swift in Sources */ = {isa = PBXBuildFile; fileRef = BEF6E0772C33E4D100FA435D /* SceneDelegate.swift */; };
		BEF6E07A2C33E4D100FA435D /* ViewController.swift in Sources */ = {isa = PBXBuildFile; fileRef = BEF6E0792C33E4D100FA435D /* ViewController.swift */; };
		BEF6E07F2C33E4D300FA435D /* Assets.xcassets in Resources */ = {isa = PBXBuildFile; fileRef = BEF6E07E2C33E4D300FA435D /* Assets.xcassets */; };
		BEF6E0822C33E4D300FA435D /* Base in Resources */ = {isa = PBXBuildFile; fileRef = BEF6E0812C33E4D300FA435D /* Base */; };
		BEF6E08D2C33E56700FA435D /* SnapKit in Frameworks */ = {isa = PBXBuildFile; productRef = BEF6E08C2C33E56700FA435D /* SnapKit */; };
		BEF6E08F2C33E57D00FA435D /* .gitignore in Resources */ = {isa = PBXBuildFile; fileRef = BEF6E08E2C33E57D00FA435D /* .gitignore */; };
		BEF6E0912C33E5CD00FA435D /* .gitmessage in Resources */ = {isa = PBXBuildFile; fileRef = BEF6E0902C33E5CD00FA435D /* .gitmessage */; };
		BEF6E0942C33E61600FA435D /* RealmSwift in Frameworks */ = {isa = PBXBuildFile; productRef = BEF6E0932C33E61600FA435D /* RealmSwift */; };
		BEF6E0992C33E78F00FA435D /* BaseViewController.swift in Sources */ = {isa = PBXBuildFile; fileRef = BEF6E0982C33E78F00FA435D /* BaseViewController.swift */; };
		BEF6E0A02C33E80F00FA435D /* BaseCollectionViewCell.swift in Sources */ = {isa = PBXBuildFile; fileRef = BEF6E09F2C33E80F00FA435D /* BaseCollectionViewCell.swift */; };
		BEF6E0A22C33E87900FA435D /* Builder.swift in Sources */ = {isa = PBXBuildFile; fileRef = BEF6E0A12C33E87900FA435D /* Builder.swift */; };
		BEF6E0A52C33E88D00FA435D /* Buildable.swift in Sources */ = {isa = PBXBuildFile; fileRef = BEF6E0A42C33E88D00FA435D /* Buildable.swift */; };
		BEF6E0A72C33E8B800FA435D /* String+.swift in Sources */ = {isa = PBXBuildFile; fileRef = BEF6E0A62C33E8B800FA435D /* String+.swift */; };
		BEF6E0AA2C33E92D00FA435D /* DateFormat.swift in Sources */ = {isa = PBXBuildFile; fileRef = BEF6E0A92C33E92D00FA435D /* DateFormat.swift */; };
		BEF6E0AC2C33E9AE00FA435D /* ReuseIdentifiable.swift in Sources */ = {isa = PBXBuildFile; fileRef = BEF6E0AB2C33E9AE00FA435D /* ReuseIdentifiable.swift */; };
		BEF6E0AF2C33EA0E00FA435D /* Logger.swift in Sources */ = {isa = PBXBuildFile; fileRef = BEF6E0AE2C33EA0E00FA435D /* Logger.swift */; };
		BEF6E0B12C33EA5E00FA435D /* UIViewController+.swift in Sources */ = {isa = PBXBuildFile; fileRef = BEF6E0B02C33EA5E00FA435D /* UIViewController+.swift */; };
		BEF6E0B42C33EA6F00FA435D /* ToastView.swift in Sources */ = {isa = PBXBuildFile; fileRef = BEF6E0B32C33EA6F00FA435D /* ToastView.swift */; };
		BEF6E0B62C33EA8B00FA435D /* BaseView.swift in Sources */ = {isa = PBXBuildFile; fileRef = BEF6E0B52C33EA8B00FA435D /* BaseView.swift */; };
		BEF6E0B82C33EC0900FA435D /* Collection+.swift in Sources */ = {isa = PBXBuildFile; fileRef = BEF6E0B72C33EC0900FA435D /* Collection+.swift */; };
/* End PBXBuildFile section */

/* Begin PBXFileReference section */
		BEF6E0722C33E4D100FA435D /* Reminders.app */ = {isa = PBXFileReference; explicitFileType = wrapper.application; includeInIndex = 0; path = Reminders.app; sourceTree = BUILT_PRODUCTS_DIR; };
		BEF6E0752C33E4D100FA435D /* AppDelegate.swift */ = {isa = PBXFileReference; lastKnownFileType = sourcecode.swift; path = AppDelegate.swift; sourceTree = "<group>"; };
		BEF6E0772C33E4D100FA435D /* SceneDelegate.swift */ = {isa = PBXFileReference; lastKnownFileType = sourcecode.swift; path = SceneDelegate.swift; sourceTree = "<group>"; };
		BEF6E0792C33E4D100FA435D /* ViewController.swift */ = {isa = PBXFileReference; lastKnownFileType = sourcecode.swift; path = ViewController.swift; sourceTree = "<group>"; };
		BEF6E07E2C33E4D300FA435D /* Assets.xcassets */ = {isa = PBXFileReference; lastKnownFileType = folder.assetcatalog; path = Assets.xcassets; sourceTree = "<group>"; };
		BEF6E0812C33E4D300FA435D /* Base */ = {isa = PBXFileReference; lastKnownFileType = file.storyboard; name = Base; path = Base.lproj/LaunchScreen.storyboard; sourceTree = "<group>"; };
		BEF6E0832C33E4D300FA435D /* Info.plist */ = {isa = PBXFileReference; lastKnownFileType = text.plist.xml; path = Info.plist; sourceTree = "<group>"; };
		BEF6E08E2C33E57D00FA435D /* .gitignore */ = {isa = PBXFileReference; lastKnownFileType = text; path = .gitignore; sourceTree = "<group>"; };
		BEF6E0902C33E5CD00FA435D /* .gitmessage */ = {isa = PBXFileReference; lastKnownFileType = text; path = .gitmessage; sourceTree = "<group>"; };
		BEF6E0982C33E78F00FA435D /* BaseViewController.swift */ = {isa = PBXFileReference; lastKnownFileType = sourcecode.swift; path = BaseViewController.swift; sourceTree = "<group>"; };
		BEF6E09F2C33E80F00FA435D /* BaseCollectionViewCell.swift */ = {isa = PBXFileReference; lastKnownFileType = sourcecode.swift; path = BaseCollectionViewCell.swift; sourceTree = "<group>"; };
		BEF6E0A12C33E87900FA435D /* Builder.swift */ = {isa = PBXFileReference; lastKnownFileType = sourcecode.swift; path = Builder.swift; sourceTree = "<group>"; };
		BEF6E0A42C33E88D00FA435D /* Buildable.swift */ = {isa = PBXFileReference; lastKnownFileType = sourcecode.swift; path = Buildable.swift; sourceTree = "<group>"; };
		BEF6E0A62C33E8B800FA435D /* String+.swift */ = {isa = PBXFileReference; lastKnownFileType = sourcecode.swift; path = "String+.swift"; sourceTree = "<group>"; };
		BEF6E0A92C33E92D00FA435D /* DateFormat.swift */ = {isa = PBXFileReference; lastKnownFileType = sourcecode.swift; path = DateFormat.swift; sourceTree = "<group>"; };
		BEF6E0AB2C33E9AE00FA435D /* ReuseIdentifiable.swift */ = {isa = PBXFileReference; lastKnownFileType = sourcecode.swift; path = ReuseIdentifiable.swift; sourceTree = "<group>"; };
		BEF6E0AE2C33EA0E00FA435D /* Logger.swift */ = {isa = PBXFileReference; lastKnownFileType = sourcecode.swift; path = Logger.swift; sourceTree = "<group>"; };
		BEF6E0B02C33EA5E00FA435D /* UIViewController+.swift */ = {isa = PBXFileReference; lastKnownFileType = sourcecode.swift; path = "UIViewController+.swift"; sourceTree = "<group>"; };
		BEF6E0B32C33EA6F00FA435D /* ToastView.swift */ = {isa = PBXFileReference; lastKnownFileType = sourcecode.swift; path = ToastView.swift; sourceTree = "<group>"; };
		BEF6E0B52C33EA8B00FA435D /* BaseView.swift */ = {isa = PBXFileReference; lastKnownFileType = sourcecode.swift; path = BaseView.swift; sourceTree = "<group>"; };
		BEF6E0B72C33EC0900FA435D /* Collection+.swift */ = {isa = PBXFileReference; lastKnownFileType = sourcecode.swift; path = "Collection+.swift"; sourceTree = "<group>"; };
/* End PBXFileReference section */

/* Begin PBXFrameworksBuildPhase section */
		BEF6E06F2C33E4D100FA435D /* Frameworks */ = {
			isa = PBXFrameworksBuildPhase;
			buildActionMask = 2147483647;
			files = (
				BEF6E0942C33E61600FA435D /* RealmSwift in Frameworks */,
				BEF6E08D2C33E56700FA435D /* SnapKit in Frameworks */,
			);
			runOnlyForDeploymentPostprocessing = 0;
		};
/* End PBXFrameworksBuildPhase section */

/* Begin PBXGroup section */
		BEF6E0692C33E4D100FA435D = {
			isa = PBXGroup;
			children = (
				BEF6E0902C33E5CD00FA435D /* .gitmessage */,
				BEF6E08E2C33E57D00FA435D /* .gitignore */,
				BEF6E0742C33E4D100FA435D /* Reminders */,
				BEF6E0732C33E4D100FA435D /* Products */,
			);
			sourceTree = "<group>";
		};
		BEF6E0732C33E4D100FA435D /* Products */ = {
			isa = PBXGroup;
			children = (
				BEF6E0722C33E4D100FA435D /* Reminders.app */,
			);
			name = Products;
			sourceTree = "<group>";
		};
		BEF6E0742C33E4D100FA435D /* Reminders */ = {
			isa = PBXGroup;
			children = (
				BEF6E0892C33E4E700FA435D /* Sources */,
				BEF6E08A2C33E4EC00FA435D /* Resources */,
			);
			path = Reminders;
			sourceTree = "<group>";
		};
		BEF6E0892C33E4E700FA435D /* Sources */ = {
			isa = PBXGroup;
			children = (
				BEF6E0962C33E72600FA435D /* View */,
				BEF6E0972C33E77900FA435D /* Foundation */,
				BEF6E0952C33E71F00FA435D /* App */,
			);
			path = Sources;
			sourceTree = "<group>";
		};
		BEF6E08A2C33E4EC00FA435D /* Resources */ = {
			isa = PBXGroup;
			children = (
				BEF6E07E2C33E4D300FA435D /* Assets.xcassets */,
				BEF6E0802C33E4D300FA435D /* LaunchScreen.storyboard */,
				BEF6E0832C33E4D300FA435D /* Info.plist */,
			);
			path = Resources;
			sourceTree = "<group>";
		};
		BEF6E0952C33E71F00FA435D /* App */ = {
			isa = PBXGroup;
			children = (
				BEF6E0752C33E4D100FA435D /* AppDelegate.swift */,
				BEF6E0772C33E4D100FA435D /* SceneDelegate.swift */,
			);
			path = App;
			sourceTree = "<group>";
		};
		BEF6E0962C33E72600FA435D /* View */ = {
			isa = PBXGroup;
			children = (
				BEF6E0792C33E4D100FA435D /* ViewController.swift */,
				BEF6E0B22C33EA6900FA435D /* Common */,
			);
			path = View;
			sourceTree = "<group>";
		};
		BEF6E0972C33E77900FA435D /* Foundation */ = {
			isa = PBXGroup;
			children = (
				BEF6E0A92C33E92D00FA435D /* DateFormat.swift */,
				BEF6E0AB2C33E9AE00FA435D /* ReuseIdentifiable.swift */,
				BEF6E0AD2C33EA0A00FA435D /* Debug */,
				BEF6E0A82C33E8BA00FA435D /* Extension */,
				BEF6E0A32C33E88400FA435D /* Builder */,
				BEF6E09A2C33E7E000FA435D /* Base */,
			);
			path = Foundation;
			sourceTree = "<group>";
		};
		BEF6E09A2C33E7E000FA435D /* Base */ = {
			isa = PBXGroup;
			children = (
				BEF6E0982C33E78F00FA435D /* BaseViewController.swift */,
				BEF6E0B52C33EA8B00FA435D /* BaseView.swift */,
				BEF6E09F2C33E80F00FA435D /* BaseCollectionViewCell.swift */,
			);
			path = Base;
			sourceTree = "<group>";
		};
		BEF6E0A32C33E88400FA435D /* Builder */ = {
			isa = PBXGroup;
			children = (
				BEF6E0A12C33E87900FA435D /* Builder.swift */,
				BEF6E0A42C33E88D00FA435D /* Buildable.swift */,
			);
			path = Builder;
			sourceTree = "<group>";
		};
		BEF6E0A82C33E8BA00FA435D /* Extension */ = {
			isa = PBXGroup;
			children = (
				BEF6E0A62C33E8B800FA435D /* String+.swift */,
				BEF6E0B02C33EA5E00FA435D /* UIViewController+.swift */,
				BEF6E0B72C33EC0900FA435D /* Collection+.swift */,
			);
			path = Extension;
			sourceTree = "<group>";
		};
		BEF6E0AD2C33EA0A00FA435D /* Debug */ = {
			isa = PBXGroup;
			children = (
				BEF6E0AE2C33EA0E00FA435D /* Logger.swift */,
			);
			path = Debug;
			sourceTree = "<group>";
		};
		BEF6E0B22C33EA6900FA435D /* Common */ = {
			isa = PBXGroup;
			children = (
				BEF6E0B32C33EA6F00FA435D /* ToastView.swift */,
			);
			path = Common;
			sourceTree = "<group>";
		};
/* End PBXGroup section */

/* Begin PBXNativeTarget section */
		BEF6E0712C33E4D100FA435D /* Reminders */ = {
			isa = PBXNativeTarget;
			buildConfigurationList = BEF6E0862C33E4D300FA435D /* Build configuration list for PBXNativeTarget "Reminders" */;
			buildPhases = (
				BEF6E06E2C33E4D100FA435D /* Sources */,
				BEF6E06F2C33E4D100FA435D /* Frameworks */,
				BEF6E0702C33E4D100FA435D /* Resources */,
			);
			buildRules = (
			);
			dependencies = (
			);
			name = Reminders;
			packageProductDependencies = (
				BEF6E08C2C33E56700FA435D /* SnapKit */,
				BEF6E0932C33E61600FA435D /* RealmSwift */,
			);
			productName = Reminders;
			productReference = BEF6E0722C33E4D100FA435D /* Reminders.app */;
			productType = "com.apple.product-type.application";
		};
/* End PBXNativeTarget section */

/* Begin PBXProject section */
		BEF6E06A2C33E4D100FA435D /* Project object */ = {
			isa = PBXProject;
			attributes = {
				BuildIndependentTargetsInParallel = 1;
				LastSwiftUpdateCheck = 1540;
				LastUpgradeCheck = 1540;
				TargetAttributes = {
					BEF6E0712C33E4D100FA435D = {
						CreatedOnToolsVersion = 15.4;
					};
				};
			};
			buildConfigurationList = BEF6E06D2C33E4D100FA435D /* Build configuration list for PBXProject "Reminders" */;
			compatibilityVersion = "Xcode 14.0";
			developmentRegion = en;
			hasScannedForEncodings = 0;
			knownRegions = (
				en,
				Base,
			);
			mainGroup = BEF6E0692C33E4D100FA435D;
			packageReferences = (
				BEF6E08B2C33E56700FA435D /* XCRemoteSwiftPackageReference "SnapKit" */,
				BEF6E0922C33E61600FA435D /* XCRemoteSwiftPackageReference "realm-swift" */,
			);
			productRefGroup = BEF6E0732C33E4D100FA435D /* Products */;
			projectDirPath = "";
			projectRoot = "";
			targets = (
				BEF6E0712C33E4D100FA435D /* Reminders */,
			);
		};
/* End PBXProject section */

/* Begin PBXResourcesBuildPhase section */
		BEF6E0702C33E4D100FA435D /* Resources */ = {
			isa = PBXResourcesBuildPhase;
			buildActionMask = 2147483647;
			files = (
				BEF6E07F2C33E4D300FA435D /* Assets.xcassets in Resources */,
				BEF6E08F2C33E57D00FA435D /* .gitignore in Resources */,
				BEF6E0912C33E5CD00FA435D /* .gitmessage in Resources */,
				BEF6E0822C33E4D300FA435D /* Base in Resources */,
			);
			runOnlyForDeploymentPostprocessing = 0;
		};
/* End PBXResourcesBuildPhase section */

/* Begin PBXSourcesBuildPhase section */
		BEF6E06E2C33E4D100FA435D /* Sources */ = {
			isa = PBXSourcesBuildPhase;
			buildActionMask = 2147483647;
			files = (
				BEF6E0A52C33E88D00FA435D /* Buildable.swift in Sources */,
				BEF6E0AF2C33EA0E00FA435D /* Logger.swift in Sources */,
				BEF6E0B12C33EA5E00FA435D /* UIViewController+.swift in Sources */,
				BEF6E07A2C33E4D100FA435D /* ViewController.swift in Sources */,
				BEF6E0A72C33E8B800FA435D /* String+.swift in Sources */,
				BEF6E0992C33E78F00FA435D /* BaseViewController.swift in Sources */,
				BEF6E0762C33E4D100FA435D /* AppDelegate.swift in Sources */,
				BEF6E0B42C33EA6F00FA435D /* ToastView.swift in Sources */,
				BEF6E0A02C33E80F00FA435D /* BaseCollectionViewCell.swift in Sources */,
				BEF6E0AC2C33E9AE00FA435D /* ReuseIdentifiable.swift in Sources */,
				BEF6E0782C33E4D100FA435D /* SceneDelegate.swift in Sources */,
				BEF6E0B82C33EC0900FA435D /* Collection+.swift in Sources */,
				BEF6E0B62C33EA8B00FA435D /* BaseView.swift in Sources */,
				BEF6E0A22C33E87900FA435D /* Builder.swift in Sources */,
				BEF6E0AA2C33E92D00FA435D /* DateFormat.swift in Sources */,
			);
			runOnlyForDeploymentPostprocessing = 0;
		};
/* End PBXSourcesBuildPhase section */

/* Begin PBXVariantGroup section */
		BEF6E0802C33E4D300FA435D /* LaunchScreen.storyboard */ = {
			isa = PBXVariantGroup;
			children = (
				BEF6E0812C33E4D300FA435D /* Base */,
			);
			name = LaunchScreen.storyboard;
			sourceTree = "<group>";
		};
/* End PBXVariantGroup section */

/* Begin XCBuildConfiguration section */
		BEF6E0842C33E4D300FA435D /* Debug */ = {
			isa = XCBuildConfiguration;
			buildSettings = {
				ALWAYS_SEARCH_USER_PATHS = NO;
				ASSETCATALOG_COMPILER_GENERATE_SWIFT_ASSET_SYMBOL_EXTENSIONS = YES;
				CLANG_ANALYZER_NONNULL = YES;
				CLANG_ANALYZER_NUMBER_OBJECT_CONVERSION = YES_AGGRESSIVE;
				CLANG_CXX_LANGUAGE_STANDARD = "gnu++20";
				CLANG_ENABLE_MODULES = YES;
				CLANG_ENABLE_OBJC_ARC = YES;
				CLANG_ENABLE_OBJC_WEAK = YES;
				CLANG_WARN_BLOCK_CAPTURE_AUTORELEASING = YES;
				CLANG_WARN_BOOL_CONVERSION = YES;
				CLANG_WARN_COMMA = YES;
				CLANG_WARN_CONSTANT_CONVERSION = YES;
				CLANG_WARN_DEPRECATED_OBJC_IMPLEMENTATIONS = YES;
				CLANG_WARN_DIRECT_OBJC_ISA_USAGE = YES_ERROR;
				CLANG_WARN_DOCUMENTATION_COMMENTS = YES;
				CLANG_WARN_EMPTY_BODY = YES;
				CLANG_WARN_ENUM_CONVERSION = YES;
				CLANG_WARN_INFINITE_RECURSION = YES;
				CLANG_WARN_INT_CONVERSION = YES;
				CLANG_WARN_NON_LITERAL_NULL_CONVERSION = YES;
				CLANG_WARN_OBJC_IMPLICIT_RETAIN_SELF = YES;
				CLANG_WARN_OBJC_LITERAL_CONVERSION = YES;
				CLANG_WARN_OBJC_ROOT_CLASS = YES_ERROR;
				CLANG_WARN_QUOTED_INCLUDE_IN_FRAMEWORK_HEADER = YES;
				CLANG_WARN_RANGE_LOOP_ANALYSIS = YES;
				CLANG_WARN_STRICT_PROTOTYPES = YES;
				CLANG_WARN_SUSPICIOUS_MOVE = YES;
				CLANG_WARN_UNGUARDED_AVAILABILITY = YES_AGGRESSIVE;
				CLANG_WARN_UNREACHABLE_CODE = YES;
				CLANG_WARN__DUPLICATE_METHOD_MATCH = YES;
				COPY_PHASE_STRIP = NO;
				DEBUG_INFORMATION_FORMAT = dwarf;
				ENABLE_STRICT_OBJC_MSGSEND = YES;
				ENABLE_TESTABILITY = YES;
				ENABLE_USER_SCRIPT_SANDBOXING = YES;
				GCC_C_LANGUAGE_STANDARD = gnu17;
				GCC_DYNAMIC_NO_PIC = NO;
				GCC_NO_COMMON_BLOCKS = YES;
				GCC_OPTIMIZATION_LEVEL = 0;
				GCC_PREPROCESSOR_DEFINITIONS = (
					"DEBUG=1",
					"$(inherited)",
				);
				GCC_WARN_64_TO_32_BIT_CONVERSION = YES;
				GCC_WARN_ABOUT_RETURN_TYPE = YES_ERROR;
				GCC_WARN_UNDECLARED_SELECTOR = YES;
				GCC_WARN_UNINITIALIZED_AUTOS = YES_AGGRESSIVE;
				GCC_WARN_UNUSED_FUNCTION = YES;
				GCC_WARN_UNUSED_VARIABLE = YES;
				IPHONEOS_DEPLOYMENT_TARGET = 17.5;
				LOCALIZATION_PREFERS_STRING_CATALOGS = YES;
				MTL_ENABLE_DEBUG_INFO = INCLUDE_SOURCE;
				MTL_FAST_MATH = YES;
				ONLY_ACTIVE_ARCH = YES;
				SDKROOT = iphoneos;
				SWIFT_ACTIVE_COMPILATION_CONDITIONS = "DEBUG $(inherited)";
				SWIFT_OPTIMIZATION_LEVEL = "-Onone";
			};
			name = Debug;
		};
		BEF6E0852C33E4D300FA435D /* Release */ = {
			isa = XCBuildConfiguration;
			buildSettings = {
				ALWAYS_SEARCH_USER_PATHS = NO;
				ASSETCATALOG_COMPILER_GENERATE_SWIFT_ASSET_SYMBOL_EXTENSIONS = YES;
				CLANG_ANALYZER_NONNULL = YES;
				CLANG_ANALYZER_NUMBER_OBJECT_CONVERSION = YES_AGGRESSIVE;
				CLANG_CXX_LANGUAGE_STANDARD = "gnu++20";
				CLANG_ENABLE_MODULES = YES;
				CLANG_ENABLE_OBJC_ARC = YES;
				CLANG_ENABLE_OBJC_WEAK = YES;
				CLANG_WARN_BLOCK_CAPTURE_AUTORELEASING = YES;
				CLANG_WARN_BOOL_CONVERSION = YES;
				CLANG_WARN_COMMA = YES;
				CLANG_WARN_CONSTANT_CONVERSION = YES;
				CLANG_WARN_DEPRECATED_OBJC_IMPLEMENTATIONS = YES;
				CLANG_WARN_DIRECT_OBJC_ISA_USAGE = YES_ERROR;
				CLANG_WARN_DOCUMENTATION_COMMENTS = YES;
				CLANG_WARN_EMPTY_BODY = YES;
				CLANG_WARN_ENUM_CONVERSION = YES;
				CLANG_WARN_INFINITE_RECURSION = YES;
				CLANG_WARN_INT_CONVERSION = YES;
				CLANG_WARN_NON_LITERAL_NULL_CONVERSION = YES;
				CLANG_WARN_OBJC_IMPLICIT_RETAIN_SELF = YES;
				CLANG_WARN_OBJC_LITERAL_CONVERSION = YES;
				CLANG_WARN_OBJC_ROOT_CLASS = YES_ERROR;
				CLANG_WARN_QUOTED_INCLUDE_IN_FRAMEWORK_HEADER = YES;
				CLANG_WARN_RANGE_LOOP_ANALYSIS = YES;
				CLANG_WARN_STRICT_PROTOTYPES = YES;
				CLANG_WARN_SUSPICIOUS_MOVE = YES;
				CLANG_WARN_UNGUARDED_AVAILABILITY = YES_AGGRESSIVE;
				CLANG_WARN_UNREACHABLE_CODE = YES;
				CLANG_WARN__DUPLICATE_METHOD_MATCH = YES;
				COPY_PHASE_STRIP = NO;
				DEBUG_INFORMATION_FORMAT = "dwarf-with-dsym";
				ENABLE_NS_ASSERTIONS = NO;
				ENABLE_STRICT_OBJC_MSGSEND = YES;
				ENABLE_USER_SCRIPT_SANDBOXING = YES;
				GCC_C_LANGUAGE_STANDARD = gnu17;
				GCC_NO_COMMON_BLOCKS = YES;
				GCC_WARN_64_TO_32_BIT_CONVERSION = YES;
				GCC_WARN_ABOUT_RETURN_TYPE = YES_ERROR;
				GCC_WARN_UNDECLARED_SELECTOR = YES;
				GCC_WARN_UNINITIALIZED_AUTOS = YES_AGGRESSIVE;
				GCC_WARN_UNUSED_FUNCTION = YES;
				GCC_WARN_UNUSED_VARIABLE = YES;
				IPHONEOS_DEPLOYMENT_TARGET = 17.5;
				LOCALIZATION_PREFERS_STRING_CATALOGS = YES;
				MTL_ENABLE_DEBUG_INFO = NO;
				MTL_FAST_MATH = YES;
				SDKROOT = iphoneos;
				SWIFT_COMPILATION_MODE = wholemodule;
				VALIDATE_PRODUCT = YES;
			};
			name = Release;
		};
		BEF6E0872C33E4D300FA435D /* Debug */ = {
			isa = XCBuildConfiguration;
			buildSettings = {
				ASSETCATALOG_COMPILER_APPICON_NAME = AppIcon;
				ASSETCATALOG_COMPILER_GLOBAL_ACCENT_COLOR_NAME = AccentColor;
				CODE_SIGN_STYLE = Automatic;
				CURRENT_PROJECT_VERSION = 1;
				DEVELOPMENT_TEAM = ASU4PNB5MG;
				GENERATE_INFOPLIST_FILE = YES;
				INFOPLIST_FILE = Reminders/Resources/Info.plist;
				INFOPLIST_KEY_UIApplicationSupportsIndirectInputEvents = YES;
				INFOPLIST_KEY_UILaunchStoryboardName = LaunchScreen;
				INFOPLIST_KEY_UISupportedInterfaceOrientations = UIInterfaceOrientationPortrait;
				IPHONEOS_DEPLOYMENT_TARGET = 15.0;
				LD_RUNPATH_SEARCH_PATHS = (
					"$(inherited)",
					"@executable_path/Frameworks",
				);
				MARKETING_VERSION = 0.1;
				PRODUCT_BUNDLE_IDENTIFIER = com.geonseobkim.Reminders;
				PRODUCT_NAME = "$(TARGET_NAME)";
				SUPPORTED_PLATFORMS = "iphoneos iphonesimulator";
				SUPPORTS_MACCATALYST = NO;
				SUPPORTS_MAC_DESIGNED_FOR_IPHONE_IPAD = NO;
				SUPPORTS_XR_DESIGNED_FOR_IPHONE_IPAD = NO;
				SWIFT_EMIT_LOC_STRINGS = YES;
				SWIFT_VERSION = 5.0;
				TARGETED_DEVICE_FAMILY = 1;
			};
			name = Debug;
		};
		BEF6E0882C33E4D300FA435D /* Release */ = {
			isa = XCBuildConfiguration;
			buildSettings = {
				ASSETCATALOG_COMPILER_APPICON_NAME = AppIcon;
				ASSETCATALOG_COMPILER_GLOBAL_ACCENT_COLOR_NAME = AccentColor;
				CODE_SIGN_STYLE = Automatic;
				CURRENT_PROJECT_VERSION = 1;
				DEVELOPMENT_TEAM = ASU4PNB5MG;
				GENERATE_INFOPLIST_FILE = YES;
				INFOPLIST_FILE = Reminders/Resources/Info.plist;
				INFOPLIST_KEY_UIApplicationSupportsIndirectInputEvents = YES;
				INFOPLIST_KEY_UILaunchStoryboardName = LaunchScreen;
				INFOPLIST_KEY_UISupportedInterfaceOrientations = UIInterfaceOrientationPortrait;
				IPHONEOS_DEPLOYMENT_TARGET = 15.0;
				LD_RUNPATH_SEARCH_PATHS = (
					"$(inherited)",
					"@executable_path/Frameworks",
				);
				MARKETING_VERSION = 0.1;
				PRODUCT_BUNDLE_IDENTIFIER = com.geonseobkim.Reminders;
				PRODUCT_NAME = "$(TARGET_NAME)";
				SUPPORTED_PLATFORMS = "iphoneos iphonesimulator";
				SUPPORTS_MACCATALYST = NO;
				SUPPORTS_MAC_DESIGNED_FOR_IPHONE_IPAD = NO;
				SUPPORTS_XR_DESIGNED_FOR_IPHONE_IPAD = NO;
				SWIFT_EMIT_LOC_STRINGS = YES;
				SWIFT_VERSION = 5.0;
				TARGETED_DEVICE_FAMILY = 1;
			};
			name = Release;
		};
/* End XCBuildConfiguration section */

/* Begin XCConfigurationList section */
		BEF6E06D2C33E4D100FA435D /* Build configuration list for PBXProject "Reminders" */ = {
			isa = XCConfigurationList;
			buildConfigurations = (
				BEF6E0842C33E4D300FA435D /* Debug */,
				BEF6E0852C33E4D300FA435D /* Release */,
			);
			defaultConfigurationIsVisible = 0;
			defaultConfigurationName = Release;
		};
		BEF6E0862C33E4D300FA435D /* Build configuration list for PBXNativeTarget "Reminders" */ = {
			isa = XCConfigurationList;
			buildConfigurations = (
				BEF6E0872C33E4D300FA435D /* Debug */,
				BEF6E0882C33E4D300FA435D /* Release */,
			);
			defaultConfigurationIsVisible = 0;
			defaultConfigurationName = Release;
		};
/* End XCConfigurationList section */

/* Begin XCRemoteSwiftPackageReference section */
		BEF6E08B2C33E56700FA435D /* XCRemoteSwiftPackageReference "SnapKit" */ = {
			isa = XCRemoteSwiftPackageReference;
			repositoryURL = "https://github.com/SnapKit/SnapKit.git";
			requirement = {
				kind = upToNextMajorVersion;
				minimumVersion = 5.7.1;
			};
		};
		BEF6E0922C33E61600FA435D /* XCRemoteSwiftPackageReference "realm-swift" */ = {
			isa = XCRemoteSwiftPackageReference;
			repositoryURL = "https://github.com/realm/realm-swift.git";
			requirement = {
				branch = master;
				kind = branch;
			};
		};
/* End XCRemoteSwiftPackageReference section */

/* Begin XCSwiftPackageProductDependency section */
		BEF6E08C2C33E56700FA435D /* SnapKit */ = {
			isa = XCSwiftPackageProductDependency;
			package = BEF6E08B2C33E56700FA435D /* XCRemoteSwiftPackageReference "SnapKit" */;
			productName = SnapKit;
		};
		BEF6E0932C33E61600FA435D /* RealmSwift */ = {
			isa = XCSwiftPackageProductDependency;
			package = BEF6E0922C33E61600FA435D /* XCRemoteSwiftPackageReference "realm-swift" */;
			productName = RealmSwift;
		};
/* End XCSwiftPackageProductDependency section */
	};
	rootObject = BEF6E06A2C33E4D100FA435D /* Project object */;
}
