// !$*UTF8*$!
{
	archiveVersion = 1;
	classes = {
	};
	objectVersion = 56;
	objects = {

/* Begin PBXBuildFile section */
		8E013E122C34475B00557FC0 /* RealmSwift in Frameworks */ = {isa = PBXBuildFile; productRef = 8E013E112C34475B00557FC0 /* RealmSwift */; };
		8E013E132C34476300557FC0 /* RealmSwift in Embed Frameworks */ = {isa = PBXBuildFile; productRef = 8E013E112C34475B00557FC0 /* RealmSwift */; settings = {ATTRIBUTES = (CodeSignOnCopy, ); }; };
		8E0E58D42C357BAE008CA109 /* DeadlineViewController.swift in Sources */ = {isa = PBXBuildFile; fileRef = 8E0E58D32C357BAE008CA109 /* DeadlineViewController.swift */; };
		8E0E58DC2C358DCE008CA109 /* TagViewController.swift in Sources */ = {isa = PBXBuildFile; fileRef = 8E0E58DB2C358DCE008CA109 /* TagViewController.swift */; };
		8E0E58E02C358EA5008CA109 /* NSNotification+.swift in Sources */ = {isa = PBXBuildFile; fileRef = 8E0E58DF2C358EA5008CA109 /* NSNotification+.swift */; };
		8E0E58E22C35958C008CA109 /* PriorityViewController.swift in Sources */ = {isa = PBXBuildFile; fileRef = 8E0E58E12C35958C008CA109 /* PriorityViewController.swift */; };
		8E0E58E42C359DFD008CA109 /* Date+.swift in Sources */ = {isa = PBXBuildFile; fileRef = 8E0E58E32C359DFD008CA109 /* Date+.swift */; };
		8E0E58E82C35A4E9008CA109 /* AddSelectButton.swift in Sources */ = {isa = PBXBuildFile; fileRef = 8E0E58E72C35A4E9008CA109 /* AddSelectButton.swift */; };
		8E0E58EC2C35ABBD008CA109 /* TodoDetailViewController.swift in Sources */ = {isa = PBXBuildFile; fileRef = 8E0E58EB2C35ABBD008CA109 /* TodoDetailViewController.swift */; };
		8E5A43282C3461E20045D77A /* BaseTableViewCell.swift in Sources */ = {isa = PBXBuildFile; fileRef = 8E5A43272C3461E20045D77A /* BaseTableViewCell.swift */; };
		8E5A432B2C34624B0045D77A /* TodoListViewController.swift in Sources */ = {isa = PBXBuildFile; fileRef = 8E5A432A2C34624B0045D77A /* TodoListViewController.swift */; };
		8E5A432E2C3466220045D77A /* TodoListTVCell.swift in Sources */ = {isa = PBXBuildFile; fileRef = 8E5A432D2C3466220045D77A /* TodoListTVCell.swift */; };
		8E5A43322C346A3F0045D77A /* SummaryCVCell.swift in Sources */ = {isa = PBXBuildFile; fileRef = 8E5A43312C346A3F0045D77A /* SummaryCVCell.swift */; };
		8E5A43342C3470EC0045D77A /* UIEdgeInsets+.swift in Sources */ = {isa = PBXBuildFile; fileRef = 8E5A43332C3470EC0045D77A /* UIEdgeInsets+.swift */; };
		8E5A43372C3476870045D77A /* TodoTVHeaderView.swift in Sources */ = {isa = PBXBuildFile; fileRef = 8E5A43362C3476870045D77A /* TodoTVHeaderView.swift */; };
		8EC0037F2C3A8949001271DF /* FSCalendar in Frameworks */ = {isa = PBXBuildFile; productRef = 8EC0037E2C3A8949001271DF /* FSCalendar */; };
		8EC003812C3A8A1D001271DF /* CalendarViewController.swift in Sources */ = {isa = PBXBuildFile; fileRef = 8EC003802C3A8A1D001271DF /* CalendarViewController.swift */; };
		8EC003832C3A9CC1001271DF /* MultipleImageView.swift in Sources */ = {isa = PBXBuildFile; fileRef = 8EC003822C3A9CC1001271DF /* MultipleImageView.swift */; };
		8EC003852C3C29FA001271DF /* Folder.swift in Sources */ = {isa = PBXBuildFile; fileRef = 8EC003842C3C29FA001271DF /* Folder.swift */; };
		8EC003872C3C2D33001271DF /* FolderRepository.swift in Sources */ = {isa = PBXBuildFile; fileRef = 8EC003862C3C2D33001271DF /* FolderRepository.swift */; };
		8EC003892C3C2F46001271DF /* FolderViewController.swift in Sources */ = {isa = PBXBuildFile; fileRef = 8EC003882C3C2F46001271DF /* FolderViewController.swift */; };
		8EC0038B2C3C3051001271DF /* FolderTVCell.swift in Sources */ = {isa = PBXBuildFile; fileRef = 8EC0038A2C3C3051001271DF /* FolderTVCell.swift */; };
		8EC0038D2C3D6E00001271DF /* HashTagRepository.swift in Sources */ = {isa = PBXBuildFile; fileRef = 8EC0038C2C3D6E00001271DF /* HashTagRepository.swift */; };
		8EC003902C3D7200001271DF /* DeadlineViewModel.swift in Sources */ = {isa = PBXBuildFile; fileRef = 8EC0038F2C3D7200001271DF /* DeadlineViewModel.swift */; };
		8EC003922C3D7677001271DF /* AddViewModel.swift in Sources */ = {isa = PBXBuildFile; fileRef = 8EC003912C3D7677001271DF /* AddViewModel.swift */; };
		8EC003952C3D7E47001271DF /* TagViewModel.swift in Sources */ = {isa = PBXBuildFile; fileRef = 8EC003942C3D7E47001271DF /* TagViewModel.swift */; };
		8EC003982C3D81F0001271DF /* PriorityViewModel.swift in Sources */ = {isa = PBXBuildFile; fileRef = 8EC003972C3D81F0001271DF /* PriorityViewModel.swift */; };
		8EC218772C3821D400C1E548 /* TodoRepository.swift in Sources */ = {isa = PBXBuildFile; fileRef = 8EC218762C3821D400C1E548 /* TodoRepository.swift */; };
		8EC218792C38344800C1E548 /* ImageStorage.swift in Sources */ = {isa = PBXBuildFile; fileRef = 8EC218782C38344800C1E548 /* ImageStorage.swift */; };
		8EC2187E2C39134300C1E548 /* Neat in Frameworks */ = {isa = PBXBuildFile; productRef = 8EC2187D2C39134300C1E548 /* Neat */; };
		BED548762C3D221700D8BDCA /* Observable.swift in Sources */ = {isa = PBXBuildFile; fileRef = BED548752C3D221700D8BDCA /* Observable.swift */; };
		BED548782C3D231A00D8BDCA /* ViewModel.swift in Sources */ = {isa = PBXBuildFile; fileRef = BED548772C3D231900D8BDCA /* ViewModel.swift */; };
		BEF6E0762C33E4D100FA435D /* AppDelegate.swift in Sources */ = {isa = PBXBuildFile; fileRef = BEF6E0752C33E4D100FA435D /* AppDelegate.swift */; };
		BEF6E0782C33E4D100FA435D /* SceneDelegate.swift in Sources */ = {isa = PBXBuildFile; fileRef = BEF6E0772C33E4D100FA435D /* SceneDelegate.swift */; };
		BEF6E07A2C33E4D100FA435D /* SummaryViewController.swift in Sources */ = {isa = PBXBuildFile; fileRef = BEF6E0792C33E4D100FA435D /* SummaryViewController.swift */; };
		BEF6E07F2C33E4D300FA435D /* Assets.xcassets in Resources */ = {isa = PBXBuildFile; fileRef = BEF6E07E2C33E4D300FA435D /* Assets.xcassets */; };
		BEF6E0822C33E4D300FA435D /* Base in Resources */ = {isa = PBXBuildFile; fileRef = BEF6E0812C33E4D300FA435D /* Base */; };
		BEF6E08D2C33E56700FA435D /* SnapKit in Frameworks */ = {isa = PBXBuildFile; productRef = BEF6E08C2C33E56700FA435D /* SnapKit */; };
		BEF6E08F2C33E57D00FA435D /* .gitignore in Resources */ = {isa = PBXBuildFile; fileRef = BEF6E08E2C33E57D00FA435D /* .gitignore */; };
		BEF6E0912C33E5CD00FA435D /* .gitmessage in Resources */ = {isa = PBXBuildFile; fileRef = BEF6E0902C33E5CD00FA435D /* .gitmessage */; };
		BEF6E0992C33E78F00FA435D /* BaseViewController.swift in Sources */ = {isa = PBXBuildFile; fileRef = BEF6E0982C33E78F00FA435D /* BaseViewController.swift */; };
		BEF6E0A02C33E80F00FA435D /* BaseCollectionViewCell.swift in Sources */ = {isa = PBXBuildFile; fileRef = BEF6E09F2C33E80F00FA435D /* BaseCollectionViewCell.swift */; };
		BEF6E0A72C33E8B800FA435D /* String+.swift in Sources */ = {isa = PBXBuildFile; fileRef = BEF6E0A62C33E8B800FA435D /* String+.swift */; };
		BEF6E0AA2C33E92D00FA435D /* DateFormat.swift in Sources */ = {isa = PBXBuildFile; fileRef = BEF6E0A92C33E92D00FA435D /* DateFormat.swift */; };
		BEF6E0AC2C33E9AE00FA435D /* ReuseIdentifiable.swift in Sources */ = {isa = PBXBuildFile; fileRef = BEF6E0AB2C33E9AE00FA435D /* ReuseIdentifiable.swift */; };
		BEF6E0AF2C33EA0E00FA435D /* Logger.swift in Sources */ = {isa = PBXBuildFile; fileRef = BEF6E0AE2C33EA0E00FA435D /* Logger.swift */; };
		BEF6E0B12C33EA5E00FA435D /* UIViewController+.swift in Sources */ = {isa = PBXBuildFile; fileRef = BEF6E0B02C33EA5E00FA435D /* UIViewController+.swift */; };
		BEF6E0B42C33EA6F00FA435D /* ToastView.swift in Sources */ = {isa = PBXBuildFile; fileRef = BEF6E0B32C33EA6F00FA435D /* ToastView.swift */; };
		BEF6E0B62C33EA8B00FA435D /* BaseView.swift in Sources */ = {isa = PBXBuildFile; fileRef = BEF6E0B52C33EA8B00FA435D /* BaseView.swift */; };
		BEF6E0B82C33EC0900FA435D /* Collection+.swift in Sources */ = {isa = PBXBuildFile; fileRef = BEF6E0B72C33EC0900FA435D /* Collection+.swift */; };
		BEF6E0BB2C33EE4B00FA435D /* TodoItem.swift in Sources */ = {isa = PBXBuildFile; fileRef = BEF6E0BA2C33EE4B00FA435D /* TodoItem.swift */; };
		BEF6E0BD2C33EEB800FA435D /* HashTag.swift in Sources */ = {isa = PBXBuildFile; fileRef = BEF6E0BC2C33EEB800FA435D /* HashTag.swift */; };
		BEF6E0C02C33F53300FA435D /* PersistenceStorage.swift in Sources */ = {isa = PBXBuildFile; fileRef = BEF6E0BF2C33F53300FA435D /* PersistenceStorage.swift */; };
		BEF6E0C22C33F57B00FA435D /* RealmStorage.swift in Sources */ = {isa = PBXBuildFile; fileRef = BEF6E0C12C33F57B00FA435D /* RealmStorage.swift */; };
		BEF6E0C42C34068000FA435D /* IntegerLiteralType+.swift in Sources */ = {isa = PBXBuildFile; fileRef = BEF6E0C32C34068000FA435D /* IntegerLiteralType+.swift */; };
		BEF6E0C62C3406AA00FA435D /* NSDirectionalEdgeInsets+.swift in Sources */ = {isa = PBXBuildFile; fileRef = BEF6E0C52C3406AA00FA435D /* NSDirectionalEdgeInsets+.swift */; };
		BEF6E0C92C34099800FA435D /* AddViewController.swift in Sources */ = {isa = PBXBuildFile; fileRef = BEF6E0C82C34099800FA435D /* AddViewController.swift */; };
		BEF6E0CC2C340A9900FA435D /* UIButton+.swift in Sources */ = {isa = PBXBuildFile; fileRef = BEF6E0CB2C340A9900FA435D /* UIButton+.swift */; };
/* End PBXBuildFile section */

/* Begin PBXCopyFilesBuildPhase section */
		8E013E142C34476300557FC0 /* Embed Frameworks */ = {
			isa = PBXCopyFilesBuildPhase;
			buildActionMask = 2147483647;
			dstPath = "";
			dstSubfolderSpec = 10;
			files = (
				8E013E132C34476300557FC0 /* RealmSwift in Embed Frameworks */,
			);
			name = "Embed Frameworks";
			runOnlyForDeploymentPostprocessing = 0;
		};
/* End PBXCopyFilesBuildPhase section */

/* Begin PBXFileReference section */
		8E0E58D32C357BAE008CA109 /* DeadlineViewController.swift */ = {isa = PBXFileReference; lastKnownFileType = sourcecode.swift; path = DeadlineViewController.swift; sourceTree = "<group>"; };
		8E0E58DB2C358DCE008CA109 /* TagViewController.swift */ = {isa = PBXFileReference; lastKnownFileType = sourcecode.swift; path = TagViewController.swift; sourceTree = "<group>"; };
		8E0E58DF2C358EA5008CA109 /* NSNotification+.swift */ = {isa = PBXFileReference; lastKnownFileType = sourcecode.swift; path = "NSNotification+.swift"; sourceTree = "<group>"; };
		8E0E58E12C35958C008CA109 /* PriorityViewController.swift */ = {isa = PBXFileReference; lastKnownFileType = sourcecode.swift; path = PriorityViewController.swift; sourceTree = "<group>"; };
		8E0E58E32C359DFD008CA109 /* Date+.swift */ = {isa = PBXFileReference; lastKnownFileType = sourcecode.swift; path = "Date+.swift"; sourceTree = "<group>"; };
		8E0E58E72C35A4E9008CA109 /* AddSelectButton.swift */ = {isa = PBXFileReference; lastKnownFileType = sourcecode.swift; path = AddSelectButton.swift; sourceTree = "<group>"; };
		8E0E58EB2C35ABBD008CA109 /* TodoDetailViewController.swift */ = {isa = PBXFileReference; lastKnownFileType = sourcecode.swift; path = TodoDetailViewController.swift; sourceTree = "<group>"; };
		8E5A43272C3461E20045D77A /* BaseTableViewCell.swift */ = {isa = PBXFileReference; lastKnownFileType = sourcecode.swift; path = BaseTableViewCell.swift; sourceTree = "<group>"; };
		8E5A432A2C34624B0045D77A /* TodoListViewController.swift */ = {isa = PBXFileReference; lastKnownFileType = sourcecode.swift; path = TodoListViewController.swift; sourceTree = "<group>"; };
		8E5A432D2C3466220045D77A /* TodoListTVCell.swift */ = {isa = PBXFileReference; lastKnownFileType = sourcecode.swift; path = TodoListTVCell.swift; sourceTree = "<group>"; };
		8E5A43312C346A3F0045D77A /* SummaryCVCell.swift */ = {isa = PBXFileReference; lastKnownFileType = sourcecode.swift; path = SummaryCVCell.swift; sourceTree = "<group>"; };
		8E5A43332C3470EC0045D77A /* UIEdgeInsets+.swift */ = {isa = PBXFileReference; lastKnownFileType = sourcecode.swift; path = "UIEdgeInsets+.swift"; sourceTree = "<group>"; };
		8E5A43362C3476870045D77A /* TodoTVHeaderView.swift */ = {isa = PBXFileReference; lastKnownFileType = sourcecode.swift; path = TodoTVHeaderView.swift; sourceTree = "<group>"; };
		8EC003802C3A8A1D001271DF /* CalendarViewController.swift */ = {isa = PBXFileReference; lastKnownFileType = sourcecode.swift; path = CalendarViewController.swift; sourceTree = "<group>"; };
		8EC003822C3A9CC1001271DF /* MultipleImageView.swift */ = {isa = PBXFileReference; lastKnownFileType = sourcecode.swift; path = MultipleImageView.swift; sourceTree = "<group>"; };
		8EC003842C3C29FA001271DF /* Folder.swift */ = {isa = PBXFileReference; lastKnownFileType = sourcecode.swift; path = Folder.swift; sourceTree = "<group>"; };
		8EC003862C3C2D33001271DF /* FolderRepository.swift */ = {isa = PBXFileReference; lastKnownFileType = sourcecode.swift; path = FolderRepository.swift; sourceTree = "<group>"; };
		8EC003882C3C2F46001271DF /* FolderViewController.swift */ = {isa = PBXFileReference; lastKnownFileType = sourcecode.swift; path = FolderViewController.swift; sourceTree = "<group>"; };
		8EC0038A2C3C3051001271DF /* FolderTVCell.swift */ = {isa = PBXFileReference; lastKnownFileType = sourcecode.swift; path = FolderTVCell.swift; sourceTree = "<group>"; };
		8EC0038C2C3D6E00001271DF /* HashTagRepository.swift */ = {isa = PBXFileReference; fileEncoding = 4; lastKnownFileType = sourcecode.swift; path = HashTagRepository.swift; sourceTree = "<group>"; };
		8EC0038F2C3D7200001271DF /* DeadlineViewModel.swift */ = {isa = PBXFileReference; lastKnownFileType = sourcecode.swift; path = DeadlineViewModel.swift; sourceTree = "<group>"; };
		8EC003912C3D7677001271DF /* AddViewModel.swift */ = {isa = PBXFileReference; lastKnownFileType = sourcecode.swift; path = AddViewModel.swift; sourceTree = "<group>"; };
		8EC003942C3D7E47001271DF /* TagViewModel.swift */ = {isa = PBXFileReference; lastKnownFileType = sourcecode.swift; path = TagViewModel.swift; sourceTree = "<group>"; };
		8EC003972C3D81F0001271DF /* PriorityViewModel.swift */ = {isa = PBXFileReference; lastKnownFileType = sourcecode.swift; path = PriorityViewModel.swift; sourceTree = "<group>"; };
		8EC218762C3821D400C1E548 /* TodoRepository.swift */ = {isa = PBXFileReference; lastKnownFileType = sourcecode.swift; path = TodoRepository.swift; sourceTree = "<group>"; };
		8EC218782C38344800C1E548 /* ImageStorage.swift */ = {isa = PBXFileReference; lastKnownFileType = sourcecode.swift; path = ImageStorage.swift; sourceTree = "<group>"; };
		BED548752C3D221700D8BDCA /* Observable.swift */ = {isa = PBXFileReference; lastKnownFileType = sourcecode.swift; path = Observable.swift; sourceTree = "<group>"; };
		BED548772C3D231900D8BDCA /* ViewModel.swift */ = {isa = PBXFileReference; lastKnownFileType = sourcecode.swift; path = ViewModel.swift; sourceTree = "<group>"; };
		BEF6E0722C33E4D100FA435D /* Reminders.app */ = {isa = PBXFileReference; explicitFileType = wrapper.application; includeInIndex = 0; path = Reminders.app; sourceTree = BUILT_PRODUCTS_DIR; };
		BEF6E0752C33E4D100FA435D /* AppDelegate.swift */ = {isa = PBXFileReference; lastKnownFileType = sourcecode.swift; path = AppDelegate.swift; sourceTree = "<group>"; };
		BEF6E0772C33E4D100FA435D /* SceneDelegate.swift */ = {isa = PBXFileReference; lastKnownFileType = sourcecode.swift; path = SceneDelegate.swift; sourceTree = "<group>"; };
		BEF6E0792C33E4D100FA435D /* SummaryViewController.swift */ = {isa = PBXFileReference; lastKnownFileType = sourcecode.swift; path = SummaryViewController.swift; sourceTree = "<group>"; };
		BEF6E07E2C33E4D300FA435D /* Assets.xcassets */ = {isa = PBXFileReference; lastKnownFileType = folder.assetcatalog; path = Assets.xcassets; sourceTree = "<group>"; };
		BEF6E0812C33E4D300FA435D /* Base */ = {isa = PBXFileReference; lastKnownFileType = file.storyboard; name = Base; path = Base.lproj/LaunchScreen.storyboard; sourceTree = "<group>"; };
		BEF6E0832C33E4D300FA435D /* Info.plist */ = {isa = PBXFileReference; lastKnownFileType = text.plist.xml; path = Info.plist; sourceTree = "<group>"; };
		BEF6E08E2C33E57D00FA435D /* .gitignore */ = {isa = PBXFileReference; lastKnownFileType = text; path = .gitignore; sourceTree = "<group>"; };
		BEF6E0902C33E5CD00FA435D /* .gitmessage */ = {isa = PBXFileReference; lastKnownFileType = text; path = .gitmessage; sourceTree = "<group>"; };
		BEF6E0982C33E78F00FA435D /* BaseViewController.swift */ = {isa = PBXFileReference; lastKnownFileType = sourcecode.swift; path = BaseViewController.swift; sourceTree = "<group>"; };
		BEF6E09F2C33E80F00FA435D /* BaseCollectionViewCell.swift */ = {isa = PBXFileReference; lastKnownFileType = sourcecode.swift; path = BaseCollectionViewCell.swift; sourceTree = "<group>"; };
		BEF6E0A62C33E8B800FA435D /* String+.swift */ = {isa = PBXFileReference; lastKnownFileType = sourcecode.swift; path = "String+.swift"; sourceTree = "<group>"; };
		BEF6E0A92C33E92D00FA435D /* DateFormat.swift */ = {isa = PBXFileReference; lastKnownFileType = sourcecode.swift; path = DateFormat.swift; sourceTree = "<group>"; };
		BEF6E0AB2C33E9AE00FA435D /* ReuseIdentifiable.swift */ = {isa = PBXFileReference; lastKnownFileType = sourcecode.swift; path = ReuseIdentifiable.swift; sourceTree = "<group>"; };
		BEF6E0AE2C33EA0E00FA435D /* Logger.swift */ = {isa = PBXFileReference; lastKnownFileType = sourcecode.swift; path = Logger.swift; sourceTree = "<group>"; };
		BEF6E0B02C33EA5E00FA435D /* UIViewController+.swift */ = {isa = PBXFileReference; lastKnownFileType = sourcecode.swift; path = "UIViewController+.swift"; sourceTree = "<group>"; };
		BEF6E0B32C33EA6F00FA435D /* ToastView.swift */ = {isa = PBXFileReference; lastKnownFileType = sourcecode.swift; path = ToastView.swift; sourceTree = "<group>"; };
		BEF6E0B52C33EA8B00FA435D /* BaseView.swift */ = {isa = PBXFileReference; lastKnownFileType = sourcecode.swift; path = BaseView.swift; sourceTree = "<group>"; };
		BEF6E0B72C33EC0900FA435D /* Collection+.swift */ = {isa = PBXFileReference; lastKnownFileType = sourcecode.swift; path = "Collection+.swift"; sourceTree = "<group>"; };
		BEF6E0BA2C33EE4B00FA435D /* TodoItem.swift */ = {isa = PBXFileReference; lastKnownFileType = sourcecode.swift; path = TodoItem.swift; sourceTree = "<group>"; };
		BEF6E0BC2C33EEB800FA435D /* HashTag.swift */ = {isa = PBXFileReference; lastKnownFileType = sourcecode.swift; path = HashTag.swift; sourceTree = "<group>"; };
		BEF6E0BF2C33F53300FA435D /* PersistenceStorage.swift */ = {isa = PBXFileReference; lastKnownFileType = sourcecode.swift; path = PersistenceStorage.swift; sourceTree = "<group>"; };
		BEF6E0C12C33F57B00FA435D /* RealmStorage.swift */ = {isa = PBXFileReference; lastKnownFileType = sourcecode.swift; path = RealmStorage.swift; sourceTree = "<group>"; };
		BEF6E0C32C34068000FA435D /* IntegerLiteralType+.swift */ = {isa = PBXFileReference; lastKnownFileType = sourcecode.swift; path = "IntegerLiteralType+.swift"; sourceTree = "<group>"; };
		BEF6E0C52C3406AA00FA435D /* NSDirectionalEdgeInsets+.swift */ = {isa = PBXFileReference; lastKnownFileType = sourcecode.swift; path = "NSDirectionalEdgeInsets+.swift"; sourceTree = "<group>"; };
		BEF6E0C82C34099800FA435D /* AddViewController.swift */ = {isa = PBXFileReference; lastKnownFileType = sourcecode.swift; path = AddViewController.swift; sourceTree = "<group>"; };
		BEF6E0CB2C340A9900FA435D /* UIButton+.swift */ = {isa = PBXFileReference; lastKnownFileType = sourcecode.swift; path = "UIButton+.swift"; sourceTree = "<group>"; };
/* End PBXFileReference section */

/* Begin PBXFrameworksBuildPhase section */
		BEF6E06F2C33E4D100FA435D /* Frameworks */ = {
			isa = PBXFrameworksBuildPhase;
			buildActionMask = 2147483647;
			files = (
				8EC2187E2C39134300C1E548 /* Neat in Frameworks */,
				8EC0037F2C3A8949001271DF /* FSCalendar in Frameworks */,
				8E013E122C34475B00557FC0 /* RealmSwift in Frameworks */,
				BEF6E08D2C33E56700FA435D /* SnapKit in Frameworks */,
			);
			runOnlyForDeploymentPostprocessing = 0;
		};
/* End PBXFrameworksBuildPhase section */

/* Begin PBXGroup section */
		8E0E58E62C35A4D1008CA109 /* View */ = {
			isa = PBXGroup;
			children = (
				8E0E58E72C35A4E9008CA109 /* AddSelectButton.swift */,
			);
			path = View;
			sourceTree = "<group>";
		};
		8E5A43292C3462330045D77A /* TodoList */ = {
			isa = PBXGroup;
			children = (
				8E5A432A2C34624B0045D77A /* TodoListViewController.swift */,
				8E0E58EB2C35ABBD008CA109 /* TodoDetailViewController.swift */,
				8E5A43352C34767D0045D77A /* View */,
				8E5A432C2C34661E0045D77A /* Cell */,
			);
			path = TodoList;
			sourceTree = "<group>";
		};
		8E5A432C2C34661E0045D77A /* Cell */ = {
			isa = PBXGroup;
			children = (
				8E5A432D2C3466220045D77A /* TodoListTVCell.swift */,
			);
			path = Cell;
			sourceTree = "<group>";
		};
		8E5A432F2C346A320045D77A /* Summary */ = {
			isa = PBXGroup;
			children = (
				BEF6E0792C33E4D100FA435D /* SummaryViewController.swift */,
				8EC003802C3A8A1D001271DF /* CalendarViewController.swift */,
				8EC003882C3C2F46001271DF /* FolderViewController.swift */,
				8E5A43302C346A360045D77A /* Cell */,
			);
			path = Summary;
			sourceTree = "<group>";
		};
		8E5A43302C346A360045D77A /* Cell */ = {
			isa = PBXGroup;
			children = (
				8E5A43312C346A3F0045D77A /* SummaryCVCell.swift */,
				8EC0038A2C3C3051001271DF /* FolderTVCell.swift */,
			);
			path = Cell;
			sourceTree = "<group>";
		};
		8E5A43352C34767D0045D77A /* View */ = {
			isa = PBXGroup;
			children = (
				8E5A43362C3476870045D77A /* TodoTVHeaderView.swift */,
			);
			path = View;
			sourceTree = "<group>";
		};
		8EC0038E2C3D71F1001271DF /* Deadline */ = {
			isa = PBXGroup;
			children = (
				8E0E58D32C357BAE008CA109 /* DeadlineViewController.swift */,
				8EC0038F2C3D7200001271DF /* DeadlineViewModel.swift */,
			);
			path = Deadline;
			sourceTree = "<group>";
		};
		8EC003932C3D7E3D001271DF /* HashTag */ = {
			isa = PBXGroup;
			children = (
				8E0E58DB2C358DCE008CA109 /* TagViewController.swift */,
				8EC003942C3D7E47001271DF /* TagViewModel.swift */,
			);
			path = HashTag;
			sourceTree = "<group>";
		};
		8EC003962C3D81E6001271DF /* Priority */ = {
			isa = PBXGroup;
			children = (
				8E0E58E12C35958C008CA109 /* PriorityViewController.swift */,
				8EC003972C3D81F0001271DF /* PriorityViewModel.swift */,
			);
			path = Priority;
			sourceTree = "<group>";
		};
		8EC218752C3821C600C1E548 /* Repository */ = {
			isa = PBXGroup;
			children = (
				8EC218762C3821D400C1E548 /* TodoRepository.swift */,
				8EC003862C3C2D33001271DF /* FolderRepository.swift */,
				8EC0038C2C3D6E00001271DF /* HashTagRepository.swift */,
			);
			path = Repository;
			sourceTree = "<group>";
		};
		BEF6E0692C33E4D100FA435D = {
			isa = PBXGroup;
			children = (
				BEF6E0902C33E5CD00FA435D /* .gitmessage */,
				BEF6E08E2C33E57D00FA435D /* .gitignore */,
				BEF6E0742C33E4D100FA435D /* Reminders */,
				BEF6E0732C33E4D100FA435D /* Products */,
			);
			sourceTree = "<group>";
		};
		BEF6E0732C33E4D100FA435D /* Products */ = {
			isa = PBXGroup;
			children = (
				BEF6E0722C33E4D100FA435D /* Reminders.app */,
			);
			name = Products;
			sourceTree = "<group>";
		};
		BEF6E0742C33E4D100FA435D /* Reminders */ = {
			isa = PBXGroup;
			children = (
				BEF6E0892C33E4E700FA435D /* Sources */,
				BEF6E08A2C33E4EC00FA435D /* Resources */,
			);
			path = Reminders;
			sourceTree = "<group>";
		};
		BEF6E0892C33E4E700FA435D /* Sources */ = {
			isa = PBXGroup;
			children = (
				BEF6E0962C33E72600FA435D /* Presentation */,
				BEF6E0B92C33EE3600FA435D /* Data */,
				BEF6E0972C33E77900FA435D /* Foundation */,
				BEF6E0952C33E71F00FA435D /* App */,
			);
			path = Sources;
			sourceTree = "<group>";
		};
		BEF6E08A2C33E4EC00FA435D /* Resources */ = {
			isa = PBXGroup;
			children = (
				BEF6E07E2C33E4D300FA435D /* Assets.xcassets */,
				BEF6E0802C33E4D300FA435D /* LaunchScreen.storyboard */,
				BEF6E0832C33E4D300FA435D /* Info.plist */,
			);
			path = Resources;
			sourceTree = "<group>";
		};
		BEF6E0952C33E71F00FA435D /* App */ = {
			isa = PBXGroup;
			children = (
				BEF6E0752C33E4D100FA435D /* AppDelegate.swift */,
				BEF6E0772C33E4D100FA435D /* SceneDelegate.swift */,
			);
			path = App;
			sourceTree = "<group>";
		};
		BEF6E0962C33E72600FA435D /* Presentation */ = {
			isa = PBXGroup;
			children = (
				8E5A432F2C346A320045D77A /* Summary */,
				BEF6E0C72C34098200FA435D /* Add */,
				8E5A43292C3462330045D77A /* TodoList */,
				BEF6E0B22C33EA6900FA435D /* Common */,
			);
			path = Presentation;
			sourceTree = "<group>";
		};
		BEF6E0972C33E77900FA435D /* Foundation */ = {
			isa = PBXGroup;
			children = (
				BEF6E0A92C33E92D00FA435D /* DateFormat.swift */,
				BEF6E0AB2C33E9AE00FA435D /* ReuseIdentifiable.swift */,
				BED548752C3D221700D8BDCA /* Observable.swift */,
				BED548772C3D231900D8BDCA /* ViewModel.swift */,
				BEF6E0AD2C33EA0A00FA435D /* Debug */,
				BEF6E0A82C33E8BA00FA435D /* Extension */,
				BEF6E09A2C33E7E000FA435D /* Base */,
			);
			path = Foundation;
			sourceTree = "<group>";
		};
		BEF6E09A2C33E7E000FA435D /* Base */ = {
			isa = PBXGroup;
			children = (
				BEF6E0982C33E78F00FA435D /* BaseViewController.swift */,
				BEF6E0B52C33EA8B00FA435D /* BaseView.swift */,
				8E5A43272C3461E20045D77A /* BaseTableViewCell.swift */,
				BEF6E09F2C33E80F00FA435D /* BaseCollectionViewCell.swift */,
			);
			path = Base;
			sourceTree = "<group>";
		};
		BEF6E0A82C33E8BA00FA435D /* Extension */ = {
			isa = PBXGroup;
			children = (
				BEF6E0A62C33E8B800FA435D /* String+.swift */,
				BEF6E0B02C33EA5E00FA435D /* UIViewController+.swift */,
				BEF6E0B72C33EC0900FA435D /* Collection+.swift */,
				BEF6E0C32C34068000FA435D /* IntegerLiteralType+.swift */,
				BEF6E0C52C3406AA00FA435D /* NSDirectionalEdgeInsets+.swift */,
				8E5A43332C3470EC0045D77A /* UIEdgeInsets+.swift */,
				BEF6E0CB2C340A9900FA435D /* UIButton+.swift */,
				8E0E58DF2C358EA5008CA109 /* NSNotification+.swift */,
				8E0E58E32C359DFD008CA109 /* Date+.swift */,
			);
			path = Extension;
			sourceTree = "<group>";
		};
		BEF6E0AD2C33EA0A00FA435D /* Debug */ = {
			isa = PBXGroup;
			children = (
				BEF6E0AE2C33EA0E00FA435D /* Logger.swift */,
			);
			path = Debug;
			sourceTree = "<group>";
		};
		BEF6E0B22C33EA6900FA435D /* Common */ = {
			isa = PBXGroup;
			children = (
				BEF6E0B32C33EA6F00FA435D /* ToastView.swift */,
				8EC003822C3A9CC1001271DF /* MultipleImageView.swift */,
			);
			path = Common;
			sourceTree = "<group>";
		};
		BEF6E0B92C33EE3600FA435D /* Data */ = {
			isa = PBXGroup;
			children = (
				8EC218752C3821C600C1E548 /* Repository */,
				BEF6E0BE2C33F50F00FA435D /* Storage */,
				BEF6E0CA2C340A6D00FA435D /* Model */,
			);
			path = Data;
			sourceTree = "<group>";
		};
		BEF6E0BE2C33F50F00FA435D /* Storage */ = {
			isa = PBXGroup;
			children = (
				BEF6E0BF2C33F53300FA435D /* PersistenceStorage.swift */,
				BEF6E0C12C33F57B00FA435D /* RealmStorage.swift */,
				8EC218782C38344800C1E548 /* ImageStorage.swift */,
			);
			path = Storage;
			sourceTree = "<group>";
		};
		BEF6E0C72C34098200FA435D /* Add */ = {
			isa = PBXGroup;
			children = (
				BEF6E0C82C34099800FA435D /* AddViewController.swift */,
				8EC003912C3D7677001271DF /* AddViewModel.swift */,
				8EC0038E2C3D71F1001271DF /* Deadline */,
				8EC003932C3D7E3D001271DF /* HashTag */,
				8EC003962C3D81E6001271DF /* Priority */,
				8E0E58E62C35A4D1008CA109 /* View */,
			);
			path = Add;
			sourceTree = "<group>";
		};
		BEF6E0CA2C340A6D00FA435D /* Model */ = {
			isa = PBXGroup;
			children = (
				BEF6E0BA2C33EE4B00FA435D /* TodoItem.swift */,
				BEF6E0BC2C33EEB800FA435D /* HashTag.swift */,
				8EC003842C3C29FA001271DF /* Folder.swift */,
			);
			path = Model;
			sourceTree = "<group>";
		};
/* End PBXGroup section */

/* Begin PBXNativeTarget section */
		BEF6E0712C33E4D100FA435D /* Reminders */ = {
			isa = PBXNativeTarget;
			buildConfigurationList = BEF6E0862C33E4D300FA435D /* Build configuration list for PBXNativeTarget "Reminders" */;
			buildPhases = (
				BEF6E06E2C33E4D100FA435D /* Sources */,
				BEF6E06F2C33E4D100FA435D /* Frameworks */,
				BEF6E0702C33E4D100FA435D /* Resources */,
				8E013E142C34476300557FC0 /* Embed Frameworks */,
			);
			buildRules = (
			);
			dependencies = (
			);
			name = Reminders;
			packageProductDependencies = (
				BEF6E08C2C33E56700FA435D /* SnapKit */,
				8E013E112C34475B00557FC0 /* RealmSwift */,
				8EC2187D2C39134300C1E548 /* Neat */,
				8EC0037E2C3A8949001271DF /* FSCalendar */,
			);
			productName = Reminders;
			productReference = BEF6E0722C33E4D100FA435D /* Reminders.app */;
			productType = "com.apple.product-type.application";
		};
/* End PBXNativeTarget section */

/* Begin PBXProject section */
		BEF6E06A2C33E4D100FA435D /* Project object */ = {
			isa = PBXProject;
			attributes = {
				BuildIndependentTargetsInParallel = 1;
				LastSwiftUpdateCheck = 1540;
				LastUpgradeCheck = 1540;
				TargetAttributes = {
					BEF6E0712C33E4D100FA435D = {
						CreatedOnToolsVersion = 15.4;
					};
				};
			};
			buildConfigurationList = BEF6E06D2C33E4D100FA435D /* Build configuration list for PBXProject "Reminders" */;
			compatibilityVersion = "Xcode 14.0";
			developmentRegion = en;
			hasScannedForEncodings = 0;
			knownRegions = (
				en,
				Base,
			);
			mainGroup = BEF6E0692C33E4D100FA435D;
			packageReferences = (
				BEF6E08B2C33E56700FA435D /* XCRemoteSwiftPackageReference "SnapKit" */,
				8E013E102C34475B00557FC0 /* XCRemoteSwiftPackageReference "realm-swift" */,
				8EC2187C2C39134300C1E548 /* XCRemoteSwiftPackageReference "Neat" */,
				8EC0037D2C3A8949001271DF /* XCRemoteSwiftPackageReference "FSCalendar" */,
			);
			productRefGroup = BEF6E0732C33E4D100FA435D /* Products */;
			projectDirPath = "";
			projectRoot = "";
			targets = (
				BEF6E0712C33E4D100FA435D /* Reminders */,
			);
		};
/* End PBXProject section */

/* Begin PBXResourcesBuildPhase section */
		BEF6E0702C33E4D100FA435D /* Resources */ = {
			isa = PBXResourcesBuildPhase;
			buildActionMask = 2147483647;
			files = (
				BEF6E07F2C33E4D300FA435D /* Assets.xcassets in Resources */,
				BEF6E08F2C33E57D00FA435D /* .gitignore in Resources */,
				BEF6E0912C33E5CD00FA435D /* .gitmessage in Resources */,
				BEF6E0822C33E4D300FA435D /* Base in Resources */,
			);
			runOnlyForDeploymentPostprocessing = 0;
		};
/* End PBXResourcesBuildPhase section */

/* Begin PBXSourcesBuildPhase section */
		BEF6E06E2C33E4D100FA435D /* Sources */ = {
			isa = PBXSourcesBuildPhase;
			buildActionMask = 2147483647;
			files = (
				8E0E58E22C35958C008CA109 /* PriorityViewController.swift in Sources */,
				8EC0038B2C3C3051001271DF /* FolderTVCell.swift in Sources */,
				8E5A43342C3470EC0045D77A /* UIEdgeInsets+.swift in Sources */,
				8E0E58E02C358EA5008CA109 /* NSNotification+.swift in Sources */,
				8EC003982C3D81F0001271DF /* PriorityViewModel.swift in Sources */,
				BEF6E0AF2C33EA0E00FA435D /* Logger.swift in Sources */,
				8EC003952C3D7E47001271DF /* TagViewModel.swift in Sources */,
				8EC003832C3A9CC1001271DF /* MultipleImageView.swift in Sources */,
				8EC003872C3C2D33001271DF /* FolderRepository.swift in Sources */,
				8EC003852C3C29FA001271DF /* Folder.swift in Sources */,
				8E0E58E82C35A4E9008CA109 /* AddSelectButton.swift in Sources */,
				8E5A432B2C34624B0045D77A /* TodoListViewController.swift in Sources */,
				BEF6E0B12C33EA5E00FA435D /* UIViewController+.swift in Sources */,
				8E0E58E42C359DFD008CA109 /* Date+.swift in Sources */,
				8E5A43282C3461E20045D77A /* BaseTableViewCell.swift in Sources */,
				8E0E58D42C357BAE008CA109 /* DeadlineViewController.swift in Sources */,
				BED548782C3D231A00D8BDCA /* ViewModel.swift in Sources */,
				BEF6E07A2C33E4D100FA435D /* SummaryViewController.swift in Sources */,
				BEF6E0C42C34068000FA435D /* IntegerLiteralType+.swift in Sources */,
				BEF6E0A72C33E8B800FA435D /* String+.swift in Sources */,
				BEF6E0992C33E78F00FA435D /* BaseViewController.swift in Sources */,
				8EC0038D2C3D6E00001271DF /* HashTagRepository.swift in Sources */,
				8E0E58EC2C35ABBD008CA109 /* TodoDetailViewController.swift in Sources */,
				BEF6E0762C33E4D100FA435D /* AppDelegate.swift in Sources */,
				BED548762C3D221700D8BDCA /* Observable.swift in Sources */,
				BEF6E0B42C33EA6F00FA435D /* ToastView.swift in Sources */,
				8E0E58DC2C358DCE008CA109 /* TagViewController.swift in Sources */,
				BEF6E0A02C33E80F00FA435D /* BaseCollectionViewCell.swift in Sources */,
				BEF6E0AC2C33E9AE00FA435D /* ReuseIdentifiable.swift in Sources */,
				BEF6E0C22C33F57B00FA435D /* RealmStorage.swift in Sources */,
				BEF6E0CC2C340A9900FA435D /* UIButton+.swift in Sources */,
				BEF6E0782C33E4D100FA435D /* SceneDelegate.swift in Sources */,
				8EC003812C3A8A1D001271DF /* CalendarViewController.swift in Sources */,
				8E5A43372C3476870045D77A /* TodoTVHeaderView.swift in Sources */,
				BEF6E0BD2C33EEB800FA435D /* HashTag.swift in Sources */,
				BEF6E0C92C34099800FA435D /* AddViewController.swift in Sources */,
				8EC003922C3D7677001271DF /* AddViewModel.swift in Sources */,
				BEF6E0C62C3406AA00FA435D /* NSDirectionalEdgeInsets+.swift in Sources */,
				BEF6E0B82C33EC0900FA435D /* Collection+.swift in Sources */,
				8EC218772C3821D400C1E548 /* TodoRepository.swift in Sources */,
				BEF6E0B62C33EA8B00FA435D /* BaseView.swift in Sources */,
				8EC003892C3C2F46001271DF /* FolderViewController.swift in Sources */,
				8E5A432E2C3466220045D77A /* TodoListTVCell.swift in Sources */,
				8EC003902C3D7200001271DF /* DeadlineViewModel.swift in Sources */,
				8EC218792C38344800C1E548 /* ImageStorage.swift in Sources */,
				BEF6E0BB2C33EE4B00FA435D /* TodoItem.swift in Sources */,
				8E5A43322C346A3F0045D77A /* SummaryCVCell.swift in Sources */,
				BEF6E0AA2C33E92D00FA435D /* DateFormat.swift in Sources */,
				BEF6E0C02C33F53300FA435D /* PersistenceStorage.swift in Sources */,
			);
			runOnlyForDeploymentPostprocessing = 0;
		};
/* End PBXSourcesBuildPhase section */

/* Begin PBXVariantGroup section */
		BEF6E0802C33E4D300FA435D /* LaunchScreen.storyboard */ = {
			isa = PBXVariantGroup;
			children = (
				BEF6E0812C33E4D300FA435D /* Base */,
			);
			name = LaunchScreen.storyboard;
			sourceTree = "<group>";
		};
/* End PBXVariantGroup section */

/* Begin XCBuildConfiguration section */
		BEF6E0842C33E4D300FA435D /* Debug */ = {
			isa = XCBuildConfiguration;
			buildSettings = {
				ALWAYS_SEARCH_USER_PATHS = NO;
				ASSETCATALOG_COMPILER_GENERATE_SWIFT_ASSET_SYMBOL_EXTENSIONS = YES;
				CLANG_ANALYZER_NONNULL = YES;
				CLANG_ANALYZER_NUMBER_OBJECT_CONVERSION = YES_AGGRESSIVE;
				CLANG_CXX_LANGUAGE_STANDARD = "gnu++20";
				CLANG_ENABLE_MODULES = YES;
				CLANG_ENABLE_OBJC_ARC = YES;
				CLANG_ENABLE_OBJC_WEAK = YES;
				CLANG_WARN_BLOCK_CAPTURE_AUTORELEASING = YES;
				CLANG_WARN_BOOL_CONVERSION = YES;
				CLANG_WARN_COMMA = YES;
				CLANG_WARN_CONSTANT_CONVERSION = YES;
				CLANG_WARN_DEPRECATED_OBJC_IMPLEMENTATIONS = YES;
				CLANG_WARN_DIRECT_OBJC_ISA_USAGE = YES_ERROR;
				CLANG_WARN_DOCUMENTATION_COMMENTS = YES;
				CLANG_WARN_EMPTY_BODY = YES;
				CLANG_WARN_ENUM_CONVERSION = YES;
				CLANG_WARN_INFINITE_RECURSION = YES;
				CLANG_WARN_INT_CONVERSION = YES;
				CLANG_WARN_NON_LITERAL_NULL_CONVERSION = YES;
				CLANG_WARN_OBJC_IMPLICIT_RETAIN_SELF = YES;
				CLANG_WARN_OBJC_LITERAL_CONVERSION = YES;
				CLANG_WARN_OBJC_ROOT_CLASS = YES_ERROR;
				CLANG_WARN_QUOTED_INCLUDE_IN_FRAMEWORK_HEADER = YES;
				CLANG_WARN_RANGE_LOOP_ANALYSIS = YES;
				CLANG_WARN_STRICT_PROTOTYPES = YES;
				CLANG_WARN_SUSPICIOUS_MOVE = YES;
				CLANG_WARN_UNGUARDED_AVAILABILITY = YES_AGGRESSIVE;
				CLANG_WARN_UNREACHABLE_CODE = YES;
				CLANG_WARN__DUPLICATE_METHOD_MATCH = YES;
				COPY_PHASE_STRIP = NO;
				DEBUG_INFORMATION_FORMAT = dwarf;
				ENABLE_STRICT_OBJC_MSGSEND = YES;
				ENABLE_TESTABILITY = YES;
				ENABLE_USER_SCRIPT_SANDBOXING = YES;
				GCC_C_LANGUAGE_STANDARD = gnu17;
				GCC_DYNAMIC_NO_PIC = NO;
				GCC_NO_COMMON_BLOCKS = YES;
				GCC_OPTIMIZATION_LEVEL = 0;
				GCC_PREPROCESSOR_DEFINITIONS = (
					"DEBUG=1",
					"$(inherited)",
				);
				GCC_WARN_64_TO_32_BIT_CONVERSION = YES;
				GCC_WARN_ABOUT_RETURN_TYPE = YES_ERROR;
				GCC_WARN_UNDECLARED_SELECTOR = YES;
				GCC_WARN_UNINITIALIZED_AUTOS = YES_AGGRESSIVE;
				GCC_WARN_UNUSED_FUNCTION = YES;
				GCC_WARN_UNUSED_VARIABLE = YES;
				IPHONEOS_DEPLOYMENT_TARGET = 17.5;
				LOCALIZATION_PREFERS_STRING_CATALOGS = YES;
				MTL_ENABLE_DEBUG_INFO = INCLUDE_SOURCE;
				MTL_FAST_MATH = YES;
				ONLY_ACTIVE_ARCH = YES;
				SDKROOT = iphoneos;
				SWIFT_ACTIVE_COMPILATION_CONDITIONS = "DEBUG $(inherited)";
				SWIFT_OPTIMIZATION_LEVEL = "-Onone";
			};
			name = Debug;
		};
		BEF6E0852C33E4D300FA435D /* Release */ = {
			isa = XCBuildConfiguration;
			buildSettings = {
				ALWAYS_SEARCH_USER_PATHS = NO;
				ASSETCATALOG_COMPILER_GENERATE_SWIFT_ASSET_SYMBOL_EXTENSIONS = YES;
				CLANG_ANALYZER_NONNULL = YES;
				CLANG_ANALYZER_NUMBER_OBJECT_CONVERSION = YES_AGGRESSIVE;
				CLANG_CXX_LANGUAGE_STANDARD = "gnu++20";
				CLANG_ENABLE_MODULES = YES;
				CLANG_ENABLE_OBJC_ARC = YES;
				CLANG_ENABLE_OBJC_WEAK = YES;
				CLANG_WARN_BLOCK_CAPTURE_AUTORELEASING = YES;
				CLANG_WARN_BOOL_CONVERSION = YES;
				CLANG_WARN_COMMA = YES;
				CLANG_WARN_CONSTANT_CONVERSION = YES;
				CLANG_WARN_DEPRECATED_OBJC_IMPLEMENTATIONS = YES;
				CLANG_WARN_DIRECT_OBJC_ISA_USAGE = YES_ERROR;
				CLANG_WARN_DOCUMENTATION_COMMENTS = YES;
				CLANG_WARN_EMPTY_BODY = YES;
				CLANG_WARN_ENUM_CONVERSION = YES;
				CLANG_WARN_INFINITE_RECURSION = YES;
				CLANG_WARN_INT_CONVERSION = YES;
				CLANG_WARN_NON_LITERAL_NULL_CONVERSION = YES;
				CLANG_WARN_OBJC_IMPLICIT_RETAIN_SELF = YES;
				CLANG_WARN_OBJC_LITERAL_CONVERSION = YES;
				CLANG_WARN_OBJC_ROOT_CLASS = YES_ERROR;
				CLANG_WARN_QUOTED_INCLUDE_IN_FRAMEWORK_HEADER = YES;
				CLANG_WARN_RANGE_LOOP_ANALYSIS = YES;
				CLANG_WARN_STRICT_PROTOTYPES = YES;
				CLANG_WARN_SUSPICIOUS_MOVE = YES;
				CLANG_WARN_UNGUARDED_AVAILABILITY = YES_AGGRESSIVE;
				CLANG_WARN_UNREACHABLE_CODE = YES;
				CLANG_WARN__DUPLICATE_METHOD_MATCH = YES;
				COPY_PHASE_STRIP = NO;
				DEBUG_INFORMATION_FORMAT = "dwarf-with-dsym";
				ENABLE_NS_ASSERTIONS = NO;
				ENABLE_STRICT_OBJC_MSGSEND = YES;
				ENABLE_USER_SCRIPT_SANDBOXING = YES;
				GCC_C_LANGUAGE_STANDARD = gnu17;
				GCC_NO_COMMON_BLOCKS = YES;
				GCC_WARN_64_TO_32_BIT_CONVERSION = YES;
				GCC_WARN_ABOUT_RETURN_TYPE = YES_ERROR;
				GCC_WARN_UNDECLARED_SELECTOR = YES;
				GCC_WARN_UNINITIALIZED_AUTOS = YES_AGGRESSIVE;
				GCC_WARN_UNUSED_FUNCTION = YES;
				GCC_WARN_UNUSED_VARIABLE = YES;
				IPHONEOS_DEPLOYMENT_TARGET = 17.5;
				LOCALIZATION_PREFERS_STRING_CATALOGS = YES;
				MTL_ENABLE_DEBUG_INFO = NO;
				MTL_FAST_MATH = YES;
				SDKROOT = iphoneos;
				SWIFT_COMPILATION_MODE = wholemodule;
				VALIDATE_PRODUCT = YES;
			};
			name = Release;
		};
		BEF6E0872C33E4D300FA435D /* Debug */ = {
			isa = XCBuildConfiguration;
			buildSettings = {
				ASSETCATALOG_COMPILER_APPICON_NAME = AppIcon;
				ASSETCATALOG_COMPILER_GLOBAL_ACCENT_COLOR_NAME = AccentColor;
				CODE_SIGN_STYLE = Automatic;
				CURRENT_PROJECT_VERSION = 1;
				DEVELOPMENT_TEAM = ASU4PNB5MG;
				GENERATE_INFOPLIST_FILE = YES;
				INFOPLIST_FILE = Reminders/Resources/Info.plist;
				INFOPLIST_KEY_UIApplicationSupportsIndirectInputEvents = YES;
				INFOPLIST_KEY_UILaunchStoryboardName = LaunchScreen;
				INFOPLIST_KEY_UISupportedInterfaceOrientations = UIInterfaceOrientationPortrait;
				IPHONEOS_DEPLOYMENT_TARGET = 15.0;
				LD_RUNPATH_SEARCH_PATHS = (
					"$(inherited)",
					"@executable_path/Frameworks",
				);
				MARKETING_VERSION = 0.1;
				PRODUCT_BUNDLE_IDENTIFIER = com.geonseobkim.Reminders;
				PRODUCT_NAME = "$(TARGET_NAME)";
				SUPPORTED_PLATFORMS = "iphoneos iphonesimulator";
				SUPPORTS_MACCATALYST = NO;
				SUPPORTS_MAC_DESIGNED_FOR_IPHONE_IPAD = NO;
				SUPPORTS_XR_DESIGNED_FOR_IPHONE_IPAD = NO;
				SWIFT_EMIT_LOC_STRINGS = YES;
				SWIFT_VERSION = 5.0;
				TARGETED_DEVICE_FAMILY = 1;
			};
			name = Debug;
		};
		BEF6E0882C33E4D300FA435D /* Release */ = {
			isa = XCBuildConfiguration;
			buildSettings = {
				ASSETCATALOG_COMPILER_APPICON_NAME = AppIcon;
				ASSETCATALOG_COMPILER_GLOBAL_ACCENT_COLOR_NAME = AccentColor;
				CODE_SIGN_STYLE = Automatic;
				CURRENT_PROJECT_VERSION = 1;
				DEVELOPMENT_TEAM = ASU4PNB5MG;
				GENERATE_INFOPLIST_FILE = YES;
				INFOPLIST_FILE = Reminders/Resources/Info.plist;
				INFOPLIST_KEY_UIApplicationSupportsIndirectInputEvents = YES;
				INFOPLIST_KEY_UILaunchStoryboardName = LaunchScreen;
				INFOPLIST_KEY_UISupportedInterfaceOrientations = UIInterfaceOrientationPortrait;
				IPHONEOS_DEPLOYMENT_TARGET = 15.0;
				LD_RUNPATH_SEARCH_PATHS = (
					"$(inherited)",
					"@executable_path/Frameworks",
				);
				MARKETING_VERSION = 0.1;
				PRODUCT_BUNDLE_IDENTIFIER = com.geonseobkim.Reminders;
				PRODUCT_NAME = "$(TARGET_NAME)";
				SUPPORTED_PLATFORMS = "iphoneos iphonesimulator";
				SUPPORTS_MACCATALYST = NO;
				SUPPORTS_MAC_DESIGNED_FOR_IPHONE_IPAD = NO;
				SUPPORTS_XR_DESIGNED_FOR_IPHONE_IPAD = NO;
				SWIFT_EMIT_LOC_STRINGS = YES;
				SWIFT_VERSION = 5.0;
				TARGETED_DEVICE_FAMILY = 1;
			};
			name = Release;
		};
/* End XCBuildConfiguration section */

/* Begin XCConfigurationList section */
		BEF6E06D2C33E4D100FA435D /* Build configuration list for PBXProject "Reminders" */ = {
			isa = XCConfigurationList;
			buildConfigurations = (
				BEF6E0842C33E4D300FA435D /* Debug */,
				BEF6E0852C33E4D300FA435D /* Release */,
			);
			defaultConfigurationIsVisible = 0;
			defaultConfigurationName = Release;
		};
		BEF6E0862C33E4D300FA435D /* Build configuration list for PBXNativeTarget "Reminders" */ = {
			isa = XCConfigurationList;
			buildConfigurations = (
				BEF6E0872C33E4D300FA435D /* Debug */,
				BEF6E0882C33E4D300FA435D /* Release */,
			);
			defaultConfigurationIsVisible = 0;
			defaultConfigurationName = Release;
		};
/* End XCConfigurationList section */

/* Begin XCRemoteSwiftPackageReference section */
		8E013E102C34475B00557FC0 /* XCRemoteSwiftPackageReference "realm-swift" */ = {
			isa = XCRemoteSwiftPackageReference;
			repositoryURL = "https://github.com/realm/realm-swift";
			requirement = {
				kind = exactVersion;
				version = 10.52.1;
			};
		};
		8EC0037D2C3A8949001271DF /* XCRemoteSwiftPackageReference "FSCalendar" */ = {
			isa = XCRemoteSwiftPackageReference;
			repositoryURL = "https://github.com/WenchaoD/FSCalendar.git";
			requirement = {
				kind = upToNextMajorVersion;
				minimumVersion = 2.8.4;
			};
		};
		8EC2187C2C39134300C1E548 /* XCRemoteSwiftPackageReference "Neat" */ = {
			isa = XCRemoteSwiftPackageReference;
			repositoryURL = "https://github.com/gnksbm/Neat.git";
			requirement = {
				branch = main;
				kind = branch;
			};
		};
		BEF6E08B2C33E56700FA435D /* XCRemoteSwiftPackageReference "SnapKit" */ = {
			isa = XCRemoteSwiftPackageReference;
			repositoryURL = "https://github.com/SnapKit/SnapKit.git";
			requirement = {
				kind = upToNextMajorVersion;
				minimumVersion = 5.7.1;
			};
		};
/* End XCRemoteSwiftPackageReference section */

/* Begin XCSwiftPackageProductDependency section */
		8E013E112C34475B00557FC0 /* RealmSwift */ = {
			isa = XCSwiftPackageProductDependency;
			package = 8E013E102C34475B00557FC0 /* XCRemoteSwiftPackageReference "realm-swift" */;
			productName = RealmSwift;
		};
		8EC0037E2C3A8949001271DF /* FSCalendar */ = {
			isa = XCSwiftPackageProductDependency;
			package = 8EC0037D2C3A8949001271DF /* XCRemoteSwiftPackageReference "FSCalendar" */;
			productName = FSCalendar;
		};
		8EC2187D2C39134300C1E548 /* Neat */ = {
			isa = XCSwiftPackageProductDependency;
			package = 8EC2187C2C39134300C1E548 /* XCRemoteSwiftPackageReference "Neat" */;
			productName = Neat;
		};
		BEF6E08C2C33E56700FA435D /* SnapKit */ = {
			isa = XCSwiftPackageProductDependency;
			package = BEF6E08B2C33E56700FA435D /* XCRemoteSwiftPackageReference "SnapKit" */;
			productName = SnapKit;
		};
/* End XCSwiftPackageProductDependency section */
	};
	rootObject = BEF6E06A2C33E4D100FA435D /* Project object */;
}
